
Microsoft Visual Studio Solution File, Format Version 12.00
# Visual Studio 14
VisualStudioVersion = 14.0.25420.1
MinimumVisualStudioVersion = 10.0.40219.1
Project("{FAE04EC0-301F-11D3-BF4B-00C04F79EFBC}") = "JobSearchTracker.DataLayer", "JobSearchTracker.DataLayer\JobSearchTracker.DataLayer.csproj", "{D5A40983-ED39-4A80-9FF4-5EBE78479BB7}"
EndProject
Project("{FAE04EC0-301F-11D3-BF4B-00C04F79EFBC}") = "JobSearchTracker.Model", "JobSearchTracker.Model\JobSearchTracker.Model.csproj", "{206E3739-7D3E-49A4-864C-559EA0AB8647}"
EndProject
Project("{FAE04EC0-301F-11D3-BF4B-00C04F79EFBC}") = "JobsTrackerConsoleApp", "JobsTrackerConsoleApp\JobsTrackerConsoleApp.csproj", "{F868CDBD-176C-4303-8CAE-4068632697E6}"
EndProject
Project("{FAE04EC0-301F-11D3-BF4B-00C04F79EFBC}") = "JobSearch.Web", "JobSearch.Web\JobSearch.Web.csproj", "{75EE63C5-1BB2-4BAE-8448-B6BC05999EF7}"
EndProject
Project("{FAE04EC0-301F-11D3-BF4B-00C04F79EFBC}") = "JobSearch.Web.Tests", "JobSearch.Web.Tests\JobSearch.Web.Tests.csproj", "{C1B10D0D-15B8-45D0-B86C-8BE27746B5F5}"
EndProject
Global
	GlobalSection(SolutionConfigurationPlatforms) = preSolution
		Debug|Any CPU = Debug|Any CPU
		Release|Any CPU = Release|Any CPU
	EndGlobalSection
	GlobalSection(ProjectConfigurationPlatforms) = postSolution
		{D5A40983-ED39-4A80-9FF4-5EBE78479BB7}.Debug|Any CPU.ActiveCfg = Debug|Any CPU
		{D5A40983-ED39-4A80-9FF4-5EBE78479BB7}.Debug|Any CPU.Build.0 = Debug|Any CPU
		{D5A40983-ED39-4A80-9FF4-5EBE78479BB7}.Release|Any CPU.ActiveCfg = Release|Any CPU
		{D5A40983-ED39-4A80-9FF4-5EBE78479BB7}.Release|Any CPU.Build.0 = Release|Any CPU
		{206E3739-7D3E-49A4-864C-559EA0AB8647}.Debug|Any CPU.ActiveCfg = Debug|Any CPU
		{206E3739-7D3E-49A4-864C-559EA0AB8647}.Debug|Any CPU.Build.0 = Debug|Any CPU
		{206E3739-7D3E-49A4-864C-559EA0AB8647}.Release|Any CPU.ActiveCfg = Release|Any CPU
		{206E3739-7D3E-49A4-864C-559EA0AB8647}.Release|Any CPU.Build.0 = Release|Any CPU
		{F868CDBD-176C-4303-8CAE-4068632697E6}.Debug|Any CPU.ActiveCfg = Debug|Any CPU
		{F868CDBD-176C-4303-8CAE-4068632697E6}.Debug|Any CPU.Build.0 = Debug|Any CPU
		{F868CDBD-176C-4303-8CAE-4068632697E6}.Release|Any CPU.ActiveCfg = Release|Any CPU
		{F868CDBD-176C-4303-8CAE-4068632697E6}.Release|Any CPU.Build.0 = Release|Any CPU
		{75EE63C5-1BB2-4BAE-8448-B6BC05999EF7}.Debug|Any CPU.ActiveCfg = Debug|Any CPU
		{75EE63C5-1BB2-4BAE-8448-B6BC05999EF7}.Debug|Any CPU.Build.0 = Debug|Any CPU
		{75EE63C5-1BB2-4BAE-8448-B6BC05999EF7}.Release|Any CPU.ActiveCfg = Release|Any CPU
		{75EE63C5-1BB2-4BAE-8448-B6BC05999EF7}.Release|Any CPU.Build.0 = Release|Any CPU
		{C1B10D0D-15B8-45D0-B86C-8BE27746B5F5}.Debug|Any CPU.ActiveCfg = Debug|Any CPU
		{C1B10D0D-15B8-45D0-B86C-8BE27746B5F5}.Debug|Any CPU.Build.0 = Debug|Any CPU
		{C1B10D0D-15B8-45D0-B86C-8BE27746B5F5}.Release|Any CPU.ActiveCfg = Release|Any CPU
		{C1B10D0D-15B8-45D0-B86C-8BE27746B5F5}.Release|Any CPU.Build.0 = Release|Any CPU
	EndGlobalSection
	GlobalSection(SolutionProperties) = preSolution
		HideSolutionNode = FALSE
	EndGlobalSection
EndGlobal
